
Microsoft Visual Studio Solution File, Format Version 12.00
# Visual Studio Version 16
VisualStudioVersion = 16.0.31729.503
MinimumVisualStudioVersion = 10.0.40219.1
Project("{8BC9CEB8-8B4A-11D0-8D11-00A0C91BC942}") = "япы лаба", "япы лаба.vcxproj", "{FEB9A59F-0CF3-4220-8ECC-B1DF6094DCDD}"
EndProject
Global
	GlobalSection(SolutionConfigurationPlatforms) = preSolution
		Debug|x64 = Debug|x64
		Debug|x86 = Debug|x86
		Release|x64 = Release|x64
		Release|x86 = Release|x86
	EndGlobalSection
	GlobalSection(ProjectConfigurationPlatforms) = postSolution
		{FEB9A59F-0CF3-4220-8ECC-B1DF6094DCDD}.Debug|x64.ActiveCfg = Debug|x64
		{FEB9A59F-0CF3-4220-8ECC-B1DF6094DCDD}.Debug|x64.Build.0 = Debug|x64
		{FEB9A59F-0CF3-4220-8ECC-B1DF6094DCDD}.Debug|x86.ActiveCfg = Debug|Win32
		{FEB9A59F-0CF3-4220-8ECC-B1DF6094DCDD}.Debug|x86.Build.0 = Debug|Win32
		{FEB9A59F-0CF3-4220-8ECC-B1DF6094DCDD}.Release|x64.ActiveCfg = Release|x64
		{FEB9A59F-0CF3-4220-8ECC-B1DF6094DCDD}.Release|x64.Build.0 = Release|x64
		{FEB9A59F-0CF3-4220-8ECC-B1DF6094DCDD}.Release|x86.ActiveCfg = Release|Win32
		{FEB9A59F-0CF3-4220-8ECC-B1DF6094DCDD}.Release|x86.Build.0 = Release|Win32
	EndGlobalSection
	GlobalSection(SolutionProperties) = preSolution
		HideSolutionNode = FALSE
	EndGlobalSection
	GlobalSection(ExtensibilityGlobals) = postSolution
		SolutionGuid = {6B3F817C-F9DB-4BE4-ABD3-6822D574BA34}
	EndGlobalSection
EndGlobal
